
Microsoft Visual Studio Solution File, Format Version 12.00
Project("{FAE04EC0-301F-11D3-BF4B-00C04F79EFBC}") = "MessageBroker.Server", "MessageBroker.Server\MessageBroker.Server.csproj", "{E73F9A63-9269-4708-81FF-C6C3C4545418}"
EndProject
Project("{2150E333-8FDC-42A3-9474-1A3956D46DE8}") = "Solution Items", "Solution Items", "{E787B71D-5C94-4690-A3CC-50730FB9634A}"
	ProjectSection(SolutionItems) = preProject
		docker-compose.yml = docker-compose.yml
	EndProjectSection
EndProject
Project("{FAE04EC0-301F-11D3-BF4B-00C04F79EFBC}") = "MessageBroker.Kafka", "MessageBroker.Kafka\MessageBroker.Kafka.csproj", "{69C070E1-81EA-44D5-A3E6-541815C6E77F}"
EndProject
Project("{FAE04EC0-301F-11D3-BF4B-00C04F79EFBC}") = "MessageBroker.Ollama", "MessageBroker.Ollama\MessageBroker.Ollama.csproj", "{E74B01CB-0B3F-44E5-BE12-08AFDB8D3AD5}"
EndProject
Project("{FAE04EC0-301F-11D3-BF4B-00C04F79EFBC}") = "MessageBroker.Shared", "MessageBroker.Shared\MessageBroker.Shared.csproj", "{2EAB03F4-65A7-49FD-87DB-C3DBB0728C02}"
EndProject
Project("{FAE04EC0-301F-11D3-BF4B-00C04F79EFBC}") = "MessageBroker.AuthService", "MessageBroker.AuthService\MessageBroker.AuthService.csproj", "{D46D2C31-339F-4AAA-A64D-742725E5F44B}"
EndProject
Global
	GlobalSection(SolutionConfigurationPlatforms) = preSolution
		Debug|Any CPU = Debug|Any CPU
		Release|Any CPU = Release|Any CPU
	EndGlobalSection
	GlobalSection(ProjectConfigurationPlatforms) = postSolution
		{E73F9A63-9269-4708-81FF-C6C3C4545418}.Debug|Any CPU.ActiveCfg = Debug|Any CPU
		{E73F9A63-9269-4708-81FF-C6C3C4545418}.Debug|Any CPU.Build.0 = Debug|Any CPU
		{E73F9A63-9269-4708-81FF-C6C3C4545418}.Release|Any CPU.ActiveCfg = Release|Any CPU
		{E73F9A63-9269-4708-81FF-C6C3C4545418}.Release|Any CPU.Build.0 = Release|Any CPU
		{69C070E1-81EA-44D5-A3E6-541815C6E77F}.Debug|Any CPU.ActiveCfg = Debug|Any CPU
		{69C070E1-81EA-44D5-A3E6-541815C6E77F}.Debug|Any CPU.Build.0 = Debug|Any CPU
		{69C070E1-81EA-44D5-A3E6-541815C6E77F}.Release|Any CPU.ActiveCfg = Release|Any CPU
		{69C070E1-81EA-44D5-A3E6-541815C6E77F}.Release|Any CPU.Build.0 = Release|Any CPU
		{E74B01CB-0B3F-44E5-BE12-08AFDB8D3AD5}.Debug|Any CPU.ActiveCfg = Debug|Any CPU
		{E74B01CB-0B3F-44E5-BE12-08AFDB8D3AD5}.Debug|Any CPU.Build.0 = Debug|Any CPU
		{E74B01CB-0B3F-44E5-BE12-08AFDB8D3AD5}.Release|Any CPU.ActiveCfg = Release|Any CPU
		{E74B01CB-0B3F-44E5-BE12-08AFDB8D3AD5}.Release|Any CPU.Build.0 = Release|Any CPU
		{2EAB03F4-65A7-49FD-87DB-C3DBB0728C02}.Debug|Any CPU.ActiveCfg = Debug|Any CPU
		{2EAB03F4-65A7-49FD-87DB-C3DBB0728C02}.Debug|Any CPU.Build.0 = Debug|Any CPU
		{2EAB03F4-65A7-49FD-87DB-C3DBB0728C02}.Release|Any CPU.ActiveCfg = Release|Any CPU
		{2EAB03F4-65A7-49FD-87DB-C3DBB0728C02}.Release|Any CPU.Build.0 = Release|Any CPU
		{D46D2C31-339F-4AAA-A64D-742725E5F44B}.Debug|Any CPU.ActiveCfg = Debug|Any CPU
		{D46D2C31-339F-4AAA-A64D-742725E5F44B}.Debug|Any CPU.Build.0 = Debug|Any CPU
		{D46D2C31-339F-4AAA-A64D-742725E5F44B}.Release|Any CPU.ActiveCfg = Release|Any CPU
		{D46D2C31-339F-4AAA-A64D-742725E5F44B}.Release|Any CPU.Build.0 = Release|Any CPU
	EndGlobalSection
	GlobalSection(NestedProjects) = preSolution
	EndGlobalSection
EndGlobal
